Microsoft Visual Studio Solution File, Format Version 12.00
# Visual Studio Version 17
VisualStudioVersion = 17.5.2.0
MinimumVisualStudioVersion = 10.0.40219.1
Project("{FAE04EC0-301F-11D3-BF4B-00C04F79EFBC}") = "Carpet-Work-Progress", "Carpet-Work-Progress.csproj", "{716A2B17-4FB6-C132-DF53-1F9411233155}"
EndProject
Global
	GlobalSection(SolutionConfigurationPlatforms) = preSolution
		Debug|Any CPU = Debug|Any CPU
		Release|Any CPU = Release|Any CPU
	EndGlobalSection
	GlobalSection(ProjectConfigurationPlatforms) = postSolution
		{716A2B17-4FB6-C132-DF53-1F9411233155}.Debug|Any CPU.ActiveCfg = Debug|Any CPU
		{716A2B17-4FB6-C132-DF53-1F9411233155}.Debug|Any CPU.Build.0 = Debug|Any CPU
		{716A2B17-4FB6-C132-DF53-1F9411233155}.Release|Any CPU.ActiveCfg = Release|Any CPU
		{716A2B17-4FB6-C132-DF53-1F9411233155}.Release|Any CPU.Build.0 = Release|Any CPU
	EndGlobalSection
	GlobalSection(SolutionProperties) = preSolution
		HideSolutionNode = FALSE
	EndGlobalSection
	GlobalSection(ExtensibilityGlobals) = postSolution
		SolutionGuid = {A37CE53B-FB89-46A6-8D7B-8FA3A0715E93}
	EndGlobalSection
EndGlobal
